// !$*UTF8*$!
{
	archiveVersion = 1;
	classes = {
	};
	objectVersion = 51;
	objects = {

/* Begin PBXBuildFile section */
		17038D5B25C9370C00A2F114 /* AppDelegate.swift in Sources */ = {isa = PBXBuildFile; fileRef = 17038D5A25C9370C00A2F114 /* AppDelegate.swift */; };
		17038D5D25C9370C00A2F114 /* SceneDelegate.swift in Sources */ = {isa = PBXBuildFile; fileRef = 17038D5C25C9370C00A2F114 /* SceneDelegate.swift */; };
		17038D6225C9370C00A2F114 /* Main.storyboard in Resources */ = {isa = PBXBuildFile; fileRef = 17038D6025C9370C00A2F114 /* Main.storyboard */; };
		17038D6525C9370C00A2F114 /* Glutenno.xcdatamodeld in Sources */ = {isa = PBXBuildFile; fileRef = 17038D6325C9370C00A2F114 /* Glutenno.xcdatamodeld */; };
		17038D6725C9370D00A2F114 /* Assets.xcassets in Resources */ = {isa = PBXBuildFile; fileRef = 17038D6625C9370D00A2F114 /* Assets.xcassets */; };
		17038D6A25C9370D00A2F114 /* LaunchScreen.storyboard in Resources */ = {isa = PBXBuildFile; fileRef = 17038D6825C9370D00A2F114 /* LaunchScreen.storyboard */; };
		17038D7525C9370E00A2F114 /* GlutennoTests.swift in Sources */ = {isa = PBXBuildFile; fileRef = 17038D7425C9370E00A2F114 /* GlutennoTests.swift */; };
		17038D8025C9370E00A2F114 /* GlutennoUITests.swift in Sources */ = {isa = PBXBuildFile; fileRef = 17038D7F25C9370E00A2F114 /* GlutennoUITests.swift */; };
		17038DCC25C9438900A2F114 /* ApiService.swift in Sources */ = {isa = PBXBuildFile; fileRef = 17038DCB25C9438900A2F114 /* ApiService.swift */; };
		17038DD225C961C300A2F114 /* GlutennoTokenAdapter.swift in Sources */ = {isa = PBXBuildFile; fileRef = 17038DD125C961C300A2F114 /* GlutennoTokenAdapter.swift */; };
		17038DD825C9629200A2F114 /* SecureStorage.swift in Sources */ = {isa = PBXBuildFile; fileRef = 17038DD725C9629200A2F114 /* SecureStorage.swift */; };
		17038DE925C9644000A2F114 /* NetworkError.swift in Sources */ = {isa = PBXBuildFile; fileRef = 17038DE825C9644000A2F114 /* NetworkError.swift */; };
		171B8F5D25CD2E420074B671 /* Category.swift in Sources */ = {isa = PBXBuildFile; fileRef = 171B8F5C25CD2E420074B671 /* Category.swift */; };
		171B8F6225CD30B50074B671 /* Ingredient.swift in Sources */ = {isa = PBXBuildFile; fileRef = 171B8F6125CD30B50074B671 /* Ingredient.swift */; };
		171B8F6725CD30C10074B671 /* Step.swift in Sources */ = {isa = PBXBuildFile; fileRef = 171B8F6625CD30C10074B671 /* Step.swift */; };
		171B8F7025CD32E60074B671 /* Router.swift in Sources */ = {isa = PBXBuildFile; fileRef = 171B8F6F25CD32E60074B671 /* Router.swift */; };
		171B8F8725CD3A850074B671 /* RecipesViewModel.swift in Sources */ = {isa = PBXBuildFile; fileRef = 171B8F8625CD3A850074B671 /* RecipesViewModel.swift */; };
		171B8F9125CD569A0074B671 /* UIImageView+Download.swift in Sources */ = {isa = PBXBuildFile; fileRef = 171B8F9025CD569A0074B671 /* UIImageView+Download.swift */; };
		1755FCEF25CD8A91005447FD /* CollectionViewCell+Shadow.swift in Sources */ = {isa = PBXBuildFile; fileRef = 1755FCEE25CD8A91005447FD /* CollectionViewCell+Shadow.swift */; };
		1755FD0125D12124005447FD /* SearchViewController.swift in Sources */ = {isa = PBXBuildFile; fileRef = 1755FD0025D12124005447FD /* SearchViewController.swift */; };
		17783A1025C96D3F00B89525 /* ApiConfiguration.swift in Sources */ = {isa = PBXBuildFile; fileRef = 17783A0F25C96D3F00B89525 /* ApiConfiguration.swift */; };
		17783A1625CAD58800B89525 /* BaseViewController.swift in Sources */ = {isa = PBXBuildFile; fileRef = 17783A1525CAD58800B89525 /* BaseViewController.swift */; };
		17783A1E25CAD5FD00B89525 /* ViewModel.swift in Sources */ = {isa = PBXBuildFile; fileRef = 17783A1D25CAD5FD00B89525 /* ViewModel.swift */; };
		17783A2325CAD65B00B89525 /* Coordinator.swift in Sources */ = {isa = PBXBuildFile; fileRef = 17783A2225CAD65B00B89525 /* Coordinator.swift */; };
		17783A2925CADA5100B89525 /* DescripitonDiseaseViewCOntroller.swift in Sources */ = {isa = PBXBuildFile; fileRef = 17783A2825CADA5100B89525 /* DescripitonDiseaseViewCOntroller.swift */; };
		17783A3225CAE4BC00B89525 /* RecipesViewController.swift in Sources */ = {isa = PBXBuildFile; fileRef = 17783A3125CAE4BC00B89525 /* RecipesViewController.swift */; };
		17783A3725CAE54500B89525 /* CategoryRecipesCell.swift in Sources */ = {isa = PBXBuildFile; fileRef = 17783A3625CAE54500B89525 /* CategoryRecipesCell.swift */; };
		17783A3C25CAE55A00B89525 /* SearchRecipesCell.swift in Sources */ = {isa = PBXBuildFile; fileRef = 17783A3B25CAE55A00B89525 /* SearchRecipesCell.swift */; };
		17783A4125CAE7FF00B89525 /* Recipes.swift in Sources */ = {isa = PBXBuildFile; fileRef = 17783A4025CAE7FF00B89525 /* Recipes.swift */; };
		2303EDF2CF32508B5CA16EA6 /* Pods_Glutenno_GlutennoUITests.framework in Frameworks */ = {isa = PBXBuildFile; fileRef = 99A75B1CEB3609BB76BACF48 /* Pods_Glutenno_GlutennoUITests.framework */; };
		AE56EC49B4F57DB990A97927 /* Pods_GlutennoTests.framework in Frameworks */ = {isa = PBXBuildFile; fileRef = 6FCE6D6D4FE1E0781C9B7D8A /* Pods_GlutennoTests.framework */; };
		CC43884FA0C7CFC0739E67CC /* Pods_Glutenno.framework in Frameworks */ = {isa = PBXBuildFile; fileRef = 691F1170AFBDE14EE06121C1 /* Pods_Glutenno.framework */; };
/* End PBXBuildFile section */

/* Begin PBXContainerItemProxy section */
		17038D7125C9370E00A2F114 /* PBXContainerItemProxy */ = {
			isa = PBXContainerItemProxy;
			containerPortal = 17038D4F25C9370C00A2F114 /* Project object */;
			proxyType = 1;
			remoteGlobalIDString = 17038D5625C9370C00A2F114;
			remoteInfo = Glutenno;
		};
		17038D7C25C9370E00A2F114 /* PBXContainerItemProxy */ = {
			isa = PBXContainerItemProxy;
			containerPortal = 17038D4F25C9370C00A2F114 /* Project object */;
			proxyType = 1;
			remoteGlobalIDString = 17038D5625C9370C00A2F114;
			remoteInfo = Glutenno;
		};
/* End PBXContainerItemProxy section */

/* Begin PBXFileReference section */
		17038D5725C9370C00A2F114 /* Glutenno.app */ = {isa = PBXFileReference; explicitFileType = wrapper.application; includeInIndex = 0; path = Glutenno.app; sourceTree = BUILT_PRODUCTS_DIR; };
		17038D5A25C9370C00A2F114 /* AppDelegate.swift */ = {isa = PBXFileReference; lastKnownFileType = sourcecode.swift; path = AppDelegate.swift; sourceTree = "<group>"; };
		17038D5C25C9370C00A2F114 /* SceneDelegate.swift */ = {isa = PBXFileReference; lastKnownFileType = sourcecode.swift; path = SceneDelegate.swift; sourceTree = "<group>"; };
		17038D6125C9370C00A2F114 /* Base */ = {isa = PBXFileReference; lastKnownFileType = file.storyboard; name = Base; path = Base.lproj/Main.storyboard; sourceTree = "<group>"; };
		17038D6425C9370C00A2F114 /* Glutenno.xcdatamodel */ = {isa = PBXFileReference; lastKnownFileType = wrapper.xcdatamodel; path = Glutenno.xcdatamodel; sourceTree = "<group>"; };
		17038D6625C9370D00A2F114 /* Assets.xcassets */ = {isa = PBXFileReference; lastKnownFileType = folder.assetcatalog; path = Assets.xcassets; sourceTree = "<group>"; };
		17038D6925C9370D00A2F114 /* Base */ = {isa = PBXFileReference; lastKnownFileType = file.storyboard; name = Base; path = Base.lproj/LaunchScreen.storyboard; sourceTree = "<group>"; };
		17038D6B25C9370D00A2F114 /* Info.plist */ = {isa = PBXFileReference; lastKnownFileType = text.plist.xml; path = Info.plist; sourceTree = "<group>"; };
		17038D7025C9370E00A2F114 /* GlutennoTests.xctest */ = {isa = PBXFileReference; explicitFileType = wrapper.cfbundle; includeInIndex = 0; path = GlutennoTests.xctest; sourceTree = BUILT_PRODUCTS_DIR; };
		17038D7425C9370E00A2F114 /* GlutennoTests.swift */ = {isa = PBXFileReference; lastKnownFileType = sourcecode.swift; path = GlutennoTests.swift; sourceTree = "<group>"; };
		17038D7625C9370E00A2F114 /* Info.plist */ = {isa = PBXFileReference; lastKnownFileType = text.plist.xml; path = Info.plist; sourceTree = "<group>"; };
		17038D7B25C9370E00A2F114 /* GlutennoUITests.xctest */ = {isa = PBXFileReference; explicitFileType = wrapper.cfbundle; includeInIndex = 0; path = GlutennoUITests.xctest; sourceTree = BUILT_PRODUCTS_DIR; };
		17038D7F25C9370E00A2F114 /* GlutennoUITests.swift */ = {isa = PBXFileReference; lastKnownFileType = sourcecode.swift; path = GlutennoUITests.swift; sourceTree = "<group>"; };
		17038D8125C9370E00A2F114 /* Info.plist */ = {isa = PBXFileReference; lastKnownFileType = text.plist.xml; path = Info.plist; sourceTree = "<group>"; };
		17038DCB25C9438900A2F114 /* ApiService.swift */ = {isa = PBXFileReference; lastKnownFileType = sourcecode.swift; path = ApiService.swift; sourceTree = "<group>"; };
		17038DD125C961C300A2F114 /* GlutennoTokenAdapter.swift */ = {isa = PBXFileReference; lastKnownFileType = sourcecode.swift; path = GlutennoTokenAdapter.swift; sourceTree = "<group>"; };
		17038DD725C9629200A2F114 /* SecureStorage.swift */ = {isa = PBXFileReference; lastKnownFileType = sourcecode.swift; path = SecureStorage.swift; sourceTree = "<group>"; };
		17038DE825C9644000A2F114 /* NetworkError.swift */ = {isa = PBXFileReference; lastKnownFileType = sourcecode.swift; path = NetworkError.swift; sourceTree = "<group>"; };
		171B8F5C25CD2E420074B671 /* Category.swift */ = {isa = PBXFileReference; lastKnownFileType = sourcecode.swift; path = Category.swift; sourceTree = "<group>"; };
		171B8F6125CD30B50074B671 /* Ingredient.swift */ = {isa = PBXFileReference; lastKnownFileType = sourcecode.swift; path = Ingredient.swift; sourceTree = "<group>"; };
		171B8F6625CD30C10074B671 /* Step.swift */ = {isa = PBXFileReference; lastKnownFileType = sourcecode.swift; path = Step.swift; sourceTree = "<group>"; };
		171B8F6F25CD32E60074B671 /* Router.swift */ = {isa = PBXFileReference; lastKnownFileType = sourcecode.swift; path = Router.swift; sourceTree = "<group>"; };
		171B8F8625CD3A850074B671 /* RecipesViewModel.swift */ = {isa = PBXFileReference; lastKnownFileType = sourcecode.swift; path = RecipesViewModel.swift; sourceTree = "<group>"; };
		171B8F9025CD569A0074B671 /* UIImageView+Download.swift */ = {isa = PBXFileReference; lastKnownFileType = sourcecode.swift; path = "UIImageView+Download.swift"; sourceTree = "<group>"; };
		1755FCEE25CD8A91005447FD /* CollectionViewCell+Shadow.swift */ = {isa = PBXFileReference; lastKnownFileType = sourcecode.swift; path = "CollectionViewCell+Shadow.swift"; sourceTree = "<group>"; };
		1755FD0025D12124005447FD /* SearchViewController.swift */ = {isa = PBXFileReference; lastKnownFileType = sourcecode.swift; path = SearchViewController.swift; sourceTree = "<group>"; };
		17783A0F25C96D3F00B89525 /* ApiConfiguration.swift */ = {isa = PBXFileReference; lastKnownFileType = sourcecode.swift; path = ApiConfiguration.swift; sourceTree = "<group>"; };
		17783A1525CAD58800B89525 /* BaseViewController.swift */ = {isa = PBXFileReference; lastKnownFileType = sourcecode.swift; path = BaseViewController.swift; sourceTree = "<group>"; };
		17783A1D25CAD5FD00B89525 /* ViewModel.swift */ = {isa = PBXFileReference; lastKnownFileType = sourcecode.swift; path = ViewModel.swift; sourceTree = "<group>"; };
		17783A2225CAD65B00B89525 /* Coordinator.swift */ = {isa = PBXFileReference; lastKnownFileType = sourcecode.swift; path = Coordinator.swift; sourceTree = "<group>"; };
		17783A2825CADA5100B89525 /* DescripitonDiseaseViewCOntroller.swift */ = {isa = PBXFileReference; lastKnownFileType = sourcecode.swift; path = DescripitonDiseaseViewCOntroller.swift; sourceTree = "<group>"; };
		17783A3125CAE4BC00B89525 /* RecipesViewController.swift */ = {isa = PBXFileReference; lastKnownFileType = sourcecode.swift; path = RecipesViewController.swift; sourceTree = "<group>"; };
		17783A3625CAE54500B89525 /* CategoryRecipesCell.swift */ = {isa = PBXFileReference; lastKnownFileType = sourcecode.swift; path = CategoryRecipesCell.swift; sourceTree = "<group>"; };
		17783A3B25CAE55A00B89525 /* SearchRecipesCell.swift */ = {isa = PBXFileReference; lastKnownFileType = sourcecode.swift; path = SearchRecipesCell.swift; sourceTree = "<group>"; };
		17783A4025CAE7FF00B89525 /* Recipes.swift */ = {isa = PBXFileReference; lastKnownFileType = sourcecode.swift; path = Recipes.swift; sourceTree = "<group>"; };
		2976E1CF63B3EC223F6A9F02 /* Pods-GlutennoTests.debug.xcconfig */ = {isa = PBXFileReference; includeInIndex = 1; lastKnownFileType = text.xcconfig; name = "Pods-GlutennoTests.debug.xcconfig"; path = "Target Support Files/Pods-GlutennoTests/Pods-GlutennoTests.debug.xcconfig"; sourceTree = "<group>"; };
		3D3CAE03BCEBF0A3C2406B7F /* Pods-Glutenno-GlutennoUITests.debug.xcconfig */ = {isa = PBXFileReference; includeInIndex = 1; lastKnownFileType = text.xcconfig; name = "Pods-Glutenno-GlutennoUITests.debug.xcconfig"; path = "Target Support Files/Pods-Glutenno-GlutennoUITests/Pods-Glutenno-GlutennoUITests.debug.xcconfig"; sourceTree = "<group>"; };
		432351A0344CC178A5849DAD /* Pods-Glutenno.release.xcconfig */ = {isa = PBXFileReference; includeInIndex = 1; lastKnownFileType = text.xcconfig; name = "Pods-Glutenno.release.xcconfig"; path = "Target Support Files/Pods-Glutenno/Pods-Glutenno.release.xcconfig"; sourceTree = "<group>"; };
		56268F92DA654CEDB701611D /* Pods-GlutennoTests.release.xcconfig */ = {isa = PBXFileReference; includeInIndex = 1; lastKnownFileType = text.xcconfig; name = "Pods-GlutennoTests.release.xcconfig"; path = "Target Support Files/Pods-GlutennoTests/Pods-GlutennoTests.release.xcconfig"; sourceTree = "<group>"; };
		691F1170AFBDE14EE06121C1 /* Pods_Glutenno.framework */ = {isa = PBXFileReference; explicitFileType = wrapper.framework; includeInIndex = 0; path = Pods_Glutenno.framework; sourceTree = BUILT_PRODUCTS_DIR; };
		6FCE6D6D4FE1E0781C9B7D8A /* Pods_GlutennoTests.framework */ = {isa = PBXFileReference; explicitFileType = wrapper.framework; includeInIndex = 0; path = Pods_GlutennoTests.framework; sourceTree = BUILT_PRODUCTS_DIR; };
		99A75B1CEB3609BB76BACF48 /* Pods_Glutenno_GlutennoUITests.framework */ = {isa = PBXFileReference; explicitFileType = wrapper.framework; includeInIndex = 0; path = Pods_Glutenno_GlutennoUITests.framework; sourceTree = BUILT_PRODUCTS_DIR; };
		D299E2C9F423C6BCBFDC8A97 /* Pods-Glutenno.debug.xcconfig */ = {isa = PBXFileReference; includeInIndex = 1; lastKnownFileType = text.xcconfig; name = "Pods-Glutenno.debug.xcconfig"; path = "Target Support Files/Pods-Glutenno/Pods-Glutenno.debug.xcconfig"; sourceTree = "<group>"; };
		D396E417A0B72A911EB5D67A /* Pods-Glutenno-GlutennoUITests.release.xcconfig */ = {isa = PBXFileReference; includeInIndex = 1; lastKnownFileType = text.xcconfig; name = "Pods-Glutenno-GlutennoUITests.release.xcconfig"; path = "Target Support Files/Pods-Glutenno-GlutennoUITests/Pods-Glutenno-GlutennoUITests.release.xcconfig"; sourceTree = "<group>"; };
/* End PBXFileReference section */

/* Begin PBXFrameworksBuildPhase section */
		17038D5425C9370C00A2F114 /* Frameworks */ = {
			isa = PBXFrameworksBuildPhase;
			buildActionMask = 2147483647;
			files = (
				CC43884FA0C7CFC0739E67CC /* Pods_Glutenno.framework in Frameworks */,
			);
			runOnlyForDeploymentPostprocessing = 0;
		};
		17038D6D25C9370E00A2F114 /* Frameworks */ = {
			isa = PBXFrameworksBuildPhase;
			buildActionMask = 2147483647;
			files = (
				AE56EC49B4F57DB990A97927 /* Pods_GlutennoTests.framework in Frameworks */,
			);
			runOnlyForDeploymentPostprocessing = 0;
		};
		17038D7825C9370E00A2F114 /* Frameworks */ = {
			isa = PBXFrameworksBuildPhase;
			buildActionMask = 2147483647;
			files = (
				2303EDF2CF32508B5CA16EA6 /* Pods_Glutenno_GlutennoUITests.framework in Frameworks */,
			);
			runOnlyForDeploymentPostprocessing = 0;
		};
/* End PBXFrameworksBuildPhase section */

/* Begin PBXGroup section */
		17038D4E25C9370C00A2F114 = {
			isa = PBXGroup;
			children = (
				17038D5925C9370C00A2F114 /* Glutenno */,
				17038D7325C9370E00A2F114 /* GlutennoTests */,
				17038D7E25C9370E00A2F114 /* GlutennoUITests */,
				17038D5825C9370C00A2F114 /* Products */,
				2C28CC607221F94E8CEFE619 /* Pods */,
				D60C310E29598469DD906322 /* Frameworks */,
			);
			sourceTree = "<group>";
		};
		17038D5825C9370C00A2F114 /* Products */ = {
			isa = PBXGroup;
			children = (
				17038D5725C9370C00A2F114 /* Glutenno.app */,
				17038D7025C9370E00A2F114 /* GlutennoTests.xctest */,
				17038D7B25C9370E00A2F114 /* GlutennoUITests.xctest */,
			);
			name = Products;
			sourceTree = "<group>";
		};
		17038D5925C9370C00A2F114 /* Glutenno */ = {
			isa = PBXGroup;
			children = (
				171B8F8E25CD566E0074B671 /* Shared */,
				17038D9125C9376100A2F114 /* Data */,
				17038D9025C9375B00A2F114 /* UI */,
				17038D5A25C9370C00A2F114 /* AppDelegate.swift */,
				17038D5C25C9370C00A2F114 /* SceneDelegate.swift */,
				17038D6025C9370C00A2F114 /* Main.storyboard */,
				17038D6625C9370D00A2F114 /* Assets.xcassets */,
				17038D6825C9370D00A2F114 /* LaunchScreen.storyboard */,
				17038D6B25C9370D00A2F114 /* Info.plist */,
				17038D6325C9370C00A2F114 /* Glutenno.xcdatamodeld */,
			);
			path = Glutenno;
			sourceTree = "<group>";
		};
		17038D7325C9370E00A2F114 /* GlutennoTests */ = {
			isa = PBXGroup;
			children = (
				17038D7425C9370E00A2F114 /* GlutennoTests.swift */,
				17038D7625C9370E00A2F114 /* Info.plist */,
			);
			path = GlutennoTests;
			sourceTree = "<group>";
		};
		17038D7E25C9370E00A2F114 /* GlutennoUITests */ = {
			isa = PBXGroup;
			children = (
				17038D7F25C9370E00A2F114 /* GlutennoUITests.swift */,
				17038D8125C9370E00A2F114 /* Info.plist */,
			);
			path = GlutennoUITests;
			sourceTree = "<group>";
		};
		17038D9025C9375B00A2F114 /* UI */ = {
			isa = PBXGroup;
			children = (
				1755FCFF25D1210D005447FD /* Search */,
				17783A3025CAE49200B89525 /* Recipes */,
				17783A2725CADA2C00B89525 /* DescriptionDisease */,
				17783A1425CAD57300B89525 /* Base */,
			);
			path = UI;
			sourceTree = "<group>";
		};
		17038D9125C9376100A2F114 /* Data */ = {
			isa = PBXGroup;
			children = (
				17038DC925C9436A00A2F114 /* Networking */,
			);
			path = Data;
			sourceTree = "<group>";
		};
		17038DC925C9436A00A2F114 /* Networking */ = {
			isa = PBXGroup;
			children = (
				17038DCB25C9438900A2F114 /* ApiService.swift */,
				17783A0F25C96D3F00B89525 /* ApiConfiguration.swift */,
				171B8F6E25CD32B50074B671 /* Routers */,
				17038DD625C9626700A2F114 /* Storage */,
				17038DD025C961A100A2F114 /* Adapters */,
				17038DCA25C9437800A2F114 /* Models */,
			);
			path = Networking;
			sourceTree = "<group>";
		};
		17038DCA25C9437800A2F114 /* Models */ = {
			isa = PBXGroup;
			children = (
				17038DE825C9644000A2F114 /* NetworkError.swift */,
				17783A4025CAE7FF00B89525 /* Recipes.swift */,
				171B8F5C25CD2E420074B671 /* Category.swift */,
				171B8F6125CD30B50074B671 /* Ingredient.swift */,
				171B8F6625CD30C10074B671 /* Step.swift */,
			);
			path = Models;
			sourceTree = "<group>";
		};
		17038DD025C961A100A2F114 /* Adapters */ = {
			isa = PBXGroup;
			children = (
				17038DD125C961C300A2F114 /* GlutennoTokenAdapter.swift */,
			);
			path = Adapters;
			sourceTree = "<group>";
		};
		17038DD625C9626700A2F114 /* Storage */ = {
			isa = PBXGroup;
			children = (
				17038DD725C9629200A2F114 /* SecureStorage.swift */,
			);
			path = Storage;
			sourceTree = "<group>";
		};
		171B8F6E25CD32B50074B671 /* Routers */ = {
			isa = PBXGroup;
			children = (
				171B8F6F25CD32E60074B671 /* Router.swift */,
			);
			path = Routers;
			sourceTree = "<group>";
		};
		171B8F8E25CD566E0074B671 /* Shared */ = {
			isa = PBXGroup;
			children = (
				171B8F8F25CD56750074B671 /* Extensions */,
			);
			path = Shared;
			sourceTree = "<group>";
		};
		171B8F8F25CD56750074B671 /* Extensions */ = {
			isa = PBXGroup;
			children = (
				171B8F9025CD569A0074B671 /* UIImageView+Download.swift */,
				1755FCEE25CD8A91005447FD /* CollectionViewCell+Shadow.swift */,
			);
			path = Extensions;
			sourceTree = "<group>";
		};
		1755FCFF25D1210D005447FD /* Search */ = {
			isa = PBXGroup;
			children = (
				1755FD0025D12124005447FD /* SearchViewController.swift */,
			);
			path = Search;
			sourceTree = "<group>";
		};
		17783A1425CAD57300B89525 /* Base */ = {
			isa = PBXGroup;
			children = (
				17783A1525CAD58800B89525 /* BaseViewController.swift */,
				17783A1D25CAD5FD00B89525 /* ViewModel.swift */,
				17783A2225CAD65B00B89525 /* Coordinator.swift */,
			);
			path = Base;
			sourceTree = "<group>";
		};
		17783A2725CADA2C00B89525 /* DescriptionDisease */ = {
			isa = PBXGroup;
			children = (
				17783A2825CADA5100B89525 /* DescripitonDiseaseViewCOntroller.swift */,
			);
			path = DescriptionDisease;
			sourceTree = "<group>";
		};
		17783A3025CAE49200B89525 /* Recipes */ = {
			isa = PBXGroup;
			children = (
				17783A3125CAE4BC00B89525 /* RecipesViewController.swift */,
				171B8F8625CD3A850074B671 /* RecipesViewModel.swift */,
				17783A3625CAE54500B89525 /* CategoryRecipesCell.swift */,
				17783A3B25CAE55A00B89525 /* SearchRecipesCell.swift */,
			);
			path = Recipes;
			sourceTree = "<group>";
		};
		2C28CC607221F94E8CEFE619 /* Pods */ = {
			isa = PBXGroup;
			children = (
				D299E2C9F423C6BCBFDC8A97 /* Pods-Glutenno.debug.xcconfig */,
				432351A0344CC178A5849DAD /* Pods-Glutenno.release.xcconfig */,
				3D3CAE03BCEBF0A3C2406B7F /* Pods-Glutenno-GlutennoUITests.debug.xcconfig */,
				D396E417A0B72A911EB5D67A /* Pods-Glutenno-GlutennoUITests.release.xcconfig */,
				2976E1CF63B3EC223F6A9F02 /* Pods-GlutennoTests.debug.xcconfig */,
				56268F92DA654CEDB701611D /* Pods-GlutennoTests.release.xcconfig */,
			);
			path = Pods;
			sourceTree = "<group>";
		};
		D60C310E29598469DD906322 /* Frameworks */ = {
			isa = PBXGroup;
			children = (
				691F1170AFBDE14EE06121C1 /* Pods_Glutenno.framework */,
				99A75B1CEB3609BB76BACF48 /* Pods_Glutenno_GlutennoUITests.framework */,
				6FCE6D6D4FE1E0781C9B7D8A /* Pods_GlutennoTests.framework */,
			);
			name = Frameworks;
			sourceTree = "<group>";
		};
/* End PBXGroup section */

/* Begin PBXNativeTarget section */
		17038D5625C9370C00A2F114 /* Glutenno */ = {
			isa = PBXNativeTarget;
			buildConfigurationList = 17038D8425C9370E00A2F114 /* Build configuration list for PBXNativeTarget "Glutenno" */;
			buildPhases = (
				194D8395A3F5C968B2376FAA /* [CP] Check Pods Manifest.lock */,
				17038D5325C9370C00A2F114 /* Sources */,
				17038D5425C9370C00A2F114 /* Frameworks */,
				17038D5525C9370C00A2F114 /* Resources */,
				EDDB17F93A4D5E44734185B7 /* [CP] Embed Pods Frameworks */,
			);
			buildRules = (
			);
			dependencies = (
			);
			name = Glutenno;
			productName = Glutenno;
			productReference = 17038D5725C9370C00A2F114 /* Glutenno.app */;
			productType = "com.apple.product-type.application";
		};
		17038D6F25C9370E00A2F114 /* GlutennoTests */ = {
			isa = PBXNativeTarget;
			buildConfigurationList = 17038D8725C9370E00A2F114 /* Build configuration list for PBXNativeTarget "GlutennoTests" */;
			buildPhases = (
				325157607101A637A393BC56 /* [CP] Check Pods Manifest.lock */,
				17038D6C25C9370E00A2F114 /* Sources */,
				17038D6D25C9370E00A2F114 /* Frameworks */,
				17038D6E25C9370E00A2F114 /* Resources */,
			);
			buildRules = (
			);
			dependencies = (
				17038D7225C9370E00A2F114 /* PBXTargetDependency */,
			);
			name = GlutennoTests;
			productName = GlutennoTests;
			productReference = 17038D7025C9370E00A2F114 /* GlutennoTests.xctest */;
			productType = "com.apple.product-type.bundle.unit-test";
		};
		17038D7A25C9370E00A2F114 /* GlutennoUITests */ = {
			isa = PBXNativeTarget;
			buildConfigurationList = 17038D8A25C9370E00A2F114 /* Build configuration list for PBXNativeTarget "GlutennoUITests" */;
			buildPhases = (
				7F0F0E9A3F077F65DB6EFDDE /* [CP] Check Pods Manifest.lock */,
				17038D7725C9370E00A2F114 /* Sources */,
				17038D7825C9370E00A2F114 /* Frameworks */,
				17038D7925C9370E00A2F114 /* Resources */,
				B67A710B4FC4AEC68E3A5771 /* [CP] Embed Pods Frameworks */,
			);
			buildRules = (
			);
			dependencies = (
				17038D7D25C9370E00A2F114 /* PBXTargetDependency */,
			);
			name = GlutennoUITests;
			productName = GlutennoUITests;
			productReference = 17038D7B25C9370E00A2F114 /* GlutennoUITests.xctest */;
			productType = "com.apple.product-type.bundle.ui-testing";
		};
/* End PBXNativeTarget section */

/* Begin PBXProject section */
		17038D4F25C9370C00A2F114 /* Project object */ = {
			isa = PBXProject;
			attributes = {
				LastSwiftUpdateCheck = 1240;
				LastUpgradeCheck = 1240;
				TargetAttributes = {
					17038D5625C9370C00A2F114 = {
						CreatedOnToolsVersion = 12.4;
					};
					17038D6F25C9370E00A2F114 = {
						CreatedOnToolsVersion = 12.4;
						TestTargetID = 17038D5625C9370C00A2F114;
					};
					17038D7A25C9370E00A2F114 = {
						CreatedOnToolsVersion = 12.4;
						TestTargetID = 17038D5625C9370C00A2F114;
					};
				};
			};
			buildConfigurationList = 17038D5225C9370C00A2F114 /* Build configuration list for PBXProject "Glutenno" */;
			compatibilityVersion = "Xcode 9.3";
			developmentRegion = en;
			hasScannedForEncodings = 0;
			knownRegions = (
				en,
				Base,
			);
			mainGroup = 17038D4E25C9370C00A2F114;
			productRefGroup = 17038D5825C9370C00A2F114 /* Products */;
			projectDirPath = "";
			projectRoot = "";
			targets = (
				17038D5625C9370C00A2F114 /* Glutenno */,
				17038D6F25C9370E00A2F114 /* GlutennoTests */,
				17038D7A25C9370E00A2F114 /* GlutennoUITests */,
			);
		};
/* End PBXProject section */

/* Begin PBXResourcesBuildPhase section */
		17038D5525C9370C00A2F114 /* Resources */ = {
			isa = PBXResourcesBuildPhase;
			buildActionMask = 2147483647;
			files = (
				17038D6A25C9370D00A2F114 /* LaunchScreen.storyboard in Resources */,
				17038D6725C9370D00A2F114 /* Assets.xcassets in Resources */,
				17038D6225C9370C00A2F114 /* Main.storyboard in Resources */,
			);
			runOnlyForDeploymentPostprocessing = 0;
		};
		17038D6E25C9370E00A2F114 /* Resources */ = {
			isa = PBXResourcesBuildPhase;
			buildActionMask = 2147483647;
			files = (
			);
			runOnlyForDeploymentPostprocessing = 0;
		};
		17038D7925C9370E00A2F114 /* Resources */ = {
			isa = PBXResourcesBuildPhase;
			buildActionMask = 2147483647;
			files = (
			);
			runOnlyForDeploymentPostprocessing = 0;
		};
/* End PBXResourcesBuildPhase section */

/* Begin PBXShellScriptBuildPhase section */
		194D8395A3F5C968B2376FAA /* [CP] Check Pods Manifest.lock */ = {
			isa = PBXShellScriptBuildPhase;
			buildActionMask = 2147483647;
			files = (
			);
			inputFileListPaths = (
			);
			inputPaths = (
				"${PODS_PODFILE_DIR_PATH}/Podfile.lock",
				"${PODS_ROOT}/Manifest.lock",
			);
			name = "[CP] Check Pods Manifest.lock";
			outputFileListPaths = (
			);
			outputPaths = (
				"$(DERIVED_FILE_DIR)/Pods-Glutenno-checkManifestLockResult.txt",
			);
			runOnlyForDeploymentPostprocessing = 0;
			shellPath = /bin/sh;
			shellScript = "diff \"${PODS_PODFILE_DIR_PATH}/Podfile.lock\" \"${PODS_ROOT}/Manifest.lock\" > /dev/null\nif [ $? != 0 ] ; then\n    # print error to STDERR\n    echo \"error: The sandbox is not in sync with the Podfile.lock. Run 'pod install' or update your CocoaPods installation.\" >&2\n    exit 1\nfi\n# This output is used by Xcode 'outputs' to avoid re-running this script phase.\necho \"SUCCESS\" > \"${SCRIPT_OUTPUT_FILE_0}\"\n";
			showEnvVarsInLog = 0;
		};
		325157607101A637A393BC56 /* [CP] Check Pods Manifest.lock */ = {
			isa = PBXShellScriptBuildPhase;
			buildActionMask = 2147483647;
			files = (
			);
			inputFileListPaths = (
			);
			inputPaths = (
				"${PODS_PODFILE_DIR_PATH}/Podfile.lock",
				"${PODS_ROOT}/Manifest.lock",
			);
			name = "[CP] Check Pods Manifest.lock";
			outputFileListPaths = (
			);
			outputPaths = (
				"$(DERIVED_FILE_DIR)/Pods-GlutennoTests-checkManifestLockResult.txt",
			);
			runOnlyForDeploymentPostprocessing = 0;
			shellPath = /bin/sh;
			shellScript = "diff \"${PODS_PODFILE_DIR_PATH}/Podfile.lock\" \"${PODS_ROOT}/Manifest.lock\" > /dev/null\nif [ $? != 0 ] ; then\n    # print error to STDERR\n    echo \"error: The sandbox is not in sync with the Podfile.lock. Run 'pod install' or update your CocoaPods installation.\" >&2\n    exit 1\nfi\n# This output is used by Xcode 'outputs' to avoid re-running this script phase.\necho \"SUCCESS\" > \"${SCRIPT_OUTPUT_FILE_0}\"\n";
			showEnvVarsInLog = 0;
		};
		7F0F0E9A3F077F65DB6EFDDE /* [CP] Check Pods Manifest.lock */ = {
			isa = PBXShellScriptBuildPhase;
			buildActionMask = 2147483647;
			files = (
			);
			inputFileListPaths = (
			);
			inputPaths = (
				"${PODS_PODFILE_DIR_PATH}/Podfile.lock",
				"${PODS_ROOT}/Manifest.lock",
			);
			name = "[CP] Check Pods Manifest.lock";
			outputFileListPaths = (
			);
			outputPaths = (
				"$(DERIVED_FILE_DIR)/Pods-Glutenno-GlutennoUITests-checkManifestLockResult.txt",
			);
			runOnlyForDeploymentPostprocessing = 0;
			shellPath = /bin/sh;
			shellScript = "diff \"${PODS_PODFILE_DIR_PATH}/Podfile.lock\" \"${PODS_ROOT}/Manifest.lock\" > /dev/null\nif [ $? != 0 ] ; then\n    # print error to STDERR\n    echo \"error: The sandbox is not in sync with the Podfile.lock. Run 'pod install' or update your CocoaPods installation.\" >&2\n    exit 1\nfi\n# This output is used by Xcode 'outputs' to avoid re-running this script phase.\necho \"SUCCESS\" > \"${SCRIPT_OUTPUT_FILE_0}\"\n";
			showEnvVarsInLog = 0;
		};
		B67A710B4FC4AEC68E3A5771 /* [CP] Embed Pods Frameworks */ = {
			isa = PBXShellScriptBuildPhase;
			buildActionMask = 2147483647;
			files = (
			);
			inputFileListPaths = (
				"${PODS_ROOT}/Target Support Files/Pods-Glutenno-GlutennoUITests/Pods-Glutenno-GlutennoUITests-frameworks-${CONFIGURATION}-input-files.xcfilelist",
			);
			name = "[CP] Embed Pods Frameworks";
			outputFileListPaths = (
				"${PODS_ROOT}/Target Support Files/Pods-Glutenno-GlutennoUITests/Pods-Glutenno-GlutennoUITests-frameworks-${CONFIGURATION}-output-files.xcfilelist",
			);
			runOnlyForDeploymentPostprocessing = 0;
			shellPath = /bin/sh;
			shellScript = "\"${PODS_ROOT}/Target Support Files/Pods-Glutenno-GlutennoUITests/Pods-Glutenno-GlutennoUITests-frameworks.sh\"\n";
			showEnvVarsInLog = 0;
		};
		EDDB17F93A4D5E44734185B7 /* [CP] Embed Pods Frameworks */ = {
			isa = PBXShellScriptBuildPhase;
			buildActionMask = 2147483647;
			files = (
			);
			inputFileListPaths = (
				"${PODS_ROOT}/Target Support Files/Pods-Glutenno/Pods-Glutenno-frameworks-${CONFIGURATION}-input-files.xcfilelist",
			);
			name = "[CP] Embed Pods Frameworks";
			outputFileListPaths = (
				"${PODS_ROOT}/Target Support Files/Pods-Glutenno/Pods-Glutenno-frameworks-${CONFIGURATION}-output-files.xcfilelist",
			);
			runOnlyForDeploymentPostprocessing = 0;
			shellPath = /bin/sh;
			shellScript = "\"${PODS_ROOT}/Target Support Files/Pods-Glutenno/Pods-Glutenno-frameworks.sh\"\n";
			showEnvVarsInLog = 0;
		};
/* End PBXShellScriptBuildPhase section */

/* Begin PBXSourcesBuildPhase section */
		17038D5325C9370C00A2F114 /* Sources */ = {
			isa = PBXSourcesBuildPhase;
			buildActionMask = 2147483647;
			files = (
				171B8F6725CD30C10074B671 /* Step.swift in Sources */,
				17038DE925C9644000A2F114 /* NetworkError.swift in Sources */,
				17783A3725CAE54500B89525 /* CategoryRecipesCell.swift in Sources */,
				17783A1025C96D3F00B89525 /* ApiConfiguration.swift in Sources */,
				17783A4125CAE7FF00B89525 /* Recipes.swift in Sources */,
				17783A1E25CAD5FD00B89525 /* ViewModel.swift in Sources */,
				17038DD225C961C300A2F114 /* GlutennoTokenAdapter.swift in Sources */,
				17038DD825C9629200A2F114 /* SecureStorage.swift in Sources */,
				17783A2925CADA5100B89525 /* DescripitonDiseaseViewCOntroller.swift in Sources */,
				17783A1625CAD58800B89525 /* BaseViewController.swift in Sources */,
				17783A3C25CAE55A00B89525 /* SearchRecipesCell.swift in Sources */,
				171B8F6225CD30B50074B671 /* Ingredient.swift in Sources */,
				171B8F8725CD3A850074B671 /* RecipesViewModel.swift in Sources */,
				1755FCEF25CD8A91005447FD /* CollectionViewCell+Shadow.swift in Sources */,
				17038DCC25C9438900A2F114 /* ApiService.swift in Sources */,
				171B8F5D25CD2E420074B671 /* Category.swift in Sources */,
				17783A2325CAD65B00B89525 /* Coordinator.swift in Sources */,
				17038D6525C9370C00A2F114 /* Glutenno.xcdatamodeld in Sources */,
				1755FD0125D12124005447FD /* SearchViewController.swift in Sources */,
				17038D5B25C9370C00A2F114 /* AppDelegate.swift in Sources */,
				17783A3225CAE4BC00B89525 /* RecipesViewController.swift in Sources */,
				171B8F7025CD32E60074B671 /* Router.swift in Sources */,
				17038D5D25C9370C00A2F114 /* SceneDelegate.swift in Sources */,
				171B8F9125CD569A0074B671 /* UIImageView+Download.swift in Sources */,
			);
			runOnlyForDeploymentPostprocessing = 0;
		};
		17038D6C25C9370E00A2F114 /* Sources */ = {
			isa = PBXSourcesBuildPhase;
			buildActionMask = 2147483647;
			files = (
				17038D7525C9370E00A2F114 /* GlutennoTests.swift in Sources */,
			);
			runOnlyForDeploymentPostprocessing = 0;
		};
		17038D7725C9370E00A2F114 /* Sources */ = {
			isa = PBXSourcesBuildPhase;
			buildActionMask = 2147483647;
			files = (
				17038D8025C9370E00A2F114 /* GlutennoUITests.swift in Sources */,
			);
			runOnlyForDeploymentPostprocessing = 0;
		};
/* End PBXSourcesBuildPhase section */

/* Begin PBXTargetDependency section */
		17038D7225C9370E00A2F114 /* PBXTargetDependency */ = {
			isa = PBXTargetDependency;
			target = 17038D5625C9370C00A2F114 /* Glutenno */;
			targetProxy = 17038D7125C9370E00A2F114 /* PBXContainerItemProxy */;
		};
		17038D7D25C9370E00A2F114 /* PBXTargetDependency */ = {
			isa = PBXTargetDependency;
			target = 17038D5625C9370C00A2F114 /* Glutenno */;
			targetProxy = 17038D7C25C9370E00A2F114 /* PBXContainerItemProxy */;
		};
/* End PBXTargetDependency section */

/* Begin PBXVariantGroup section */
		17038D6025C9370C00A2F114 /* Main.storyboard */ = {
			isa = PBXVariantGroup;
			children = (
				17038D6125C9370C00A2F114 /* Base */,
			);
			name = Main.storyboard;
			sourceTree = "<group>";
		};
		17038D6825C9370D00A2F114 /* LaunchScreen.storyboard */ = {
			isa = PBXVariantGroup;
			children = (
				17038D6925C9370D00A2F114 /* Base */,
			);
			name = LaunchScreen.storyboard;
			sourceTree = "<group>";
		};
/* End PBXVariantGroup section */

/* Begin XCBuildConfiguration section */
		17038D8225C9370E00A2F114 /* Debug */ = {
			isa = XCBuildConfiguration;
			buildSettings = {
				ALWAYS_SEARCH_USER_PATHS = NO;
				CLANG_ANALYZER_NONNULL = YES;
				CLANG_ANALYZER_NUMBER_OBJECT_CONVERSION = YES_AGGRESSIVE;
				CLANG_CXX_LANGUAGE_STANDARD = "gnu++14";
				CLANG_CXX_LIBRARY = "libc++";
				CLANG_ENABLE_MODULES = YES;
				CLANG_ENABLE_OBJC_ARC = YES;
				CLANG_ENABLE_OBJC_WEAK = YES;
				CLANG_WARN_BLOCK_CAPTURE_AUTORELEASING = YES;
				CLANG_WARN_BOOL_CONVERSION = YES;
				CLANG_WARN_COMMA = YES;
				CLANG_WARN_CONSTANT_CONVERSION = YES;
				CLANG_WARN_DEPRECATED_OBJC_IMPLEMENTATIONS = YES;
				CLANG_WARN_DIRECT_OBJC_ISA_USAGE = YES_ERROR;
				CLANG_WARN_DOCUMENTATION_COMMENTS = YES;
				CLANG_WARN_EMPTY_BODY = YES;
				CLANG_WARN_ENUM_CONVERSION = YES;
				CLANG_WARN_INFINITE_RECURSION = YES;
				CLANG_WARN_INT_CONVERSION = YES;
				CLANG_WARN_NON_LITERAL_NULL_CONVERSION = YES;
				CLANG_WARN_OBJC_IMPLICIT_RETAIN_SELF = YES;
				CLANG_WARN_OBJC_LITERAL_CONVERSION = YES;
				CLANG_WARN_OBJC_ROOT_CLASS = YES_ERROR;
				CLANG_WARN_QUOTED_INCLUDE_IN_FRAMEWORK_HEADER = YES;
				CLANG_WARN_RANGE_LOOP_ANALYSIS = YES;
				CLANG_WARN_STRICT_PROTOTYPES = YES;
				CLANG_WARN_SUSPICIOUS_MOVE = YES;
				CLANG_WARN_UNGUARDED_AVAILABILITY = YES_AGGRESSIVE;
				CLANG_WARN_UNREACHABLE_CODE = YES;
				CLANG_WARN__DUPLICATE_METHOD_MATCH = YES;
				COPY_PHASE_STRIP = NO;
				DEBUG_INFORMATION_FORMAT = dwarf;
				ENABLE_STRICT_OBJC_MSGSEND = YES;
				ENABLE_TESTABILITY = YES;
				GCC_C_LANGUAGE_STANDARD = gnu11;
				GCC_DYNAMIC_NO_PIC = NO;
				GCC_NO_COMMON_BLOCKS = YES;
				GCC_OPTIMIZATION_LEVEL = 0;
				GCC_PREPROCESSOR_DEFINITIONS = (
					"DEBUG=1",
					"$(inherited)",
				);
				GCC_WARN_64_TO_32_BIT_CONVERSION = YES;
				GCC_WARN_ABOUT_RETURN_TYPE = YES_ERROR;
				GCC_WARN_UNDECLARED_SELECTOR = YES;
				GCC_WARN_UNINITIALIZED_AUTOS = YES_AGGRESSIVE;
				GCC_WARN_UNUSED_FUNCTION = YES;
				GCC_WARN_UNUSED_VARIABLE = YES;
				IPHONEOS_DEPLOYMENT_TARGET = 14.4;
				MTL_ENABLE_DEBUG_INFO = INCLUDE_SOURCE;
				MTL_FAST_MATH = YES;
				ONLY_ACTIVE_ARCH = YES;
				SDKROOT = iphoneos;
				SWIFT_ACTIVE_COMPILATION_CONDITIONS = DEBUG;
				SWIFT_OPTIMIZATION_LEVEL = "-Onone";
			};
			name = Debug;
		};
		17038D8325C9370E00A2F114 /* Release */ = {
			isa = XCBuildConfiguration;
			buildSettings = {
				ALWAYS_SEARCH_USER_PATHS = NO;
				CLANG_ANALYZER_NONNULL = YES;
				CLANG_ANALYZER_NUMBER_OBJECT_CONVERSION = YES_AGGRESSIVE;
				CLANG_CXX_LANGUAGE_STANDARD = "gnu++14";
				CLANG_CXX_LIBRARY = "libc++";
				CLANG_ENABLE_MODULES = YES;
				CLANG_ENABLE_OBJC_ARC = YES;
				CLANG_ENABLE_OBJC_WEAK = YES;
				CLANG_WARN_BLOCK_CAPTURE_AUTORELEASING = YES;
				CLANG_WARN_BOOL_CONVERSION = YES;
				CLANG_WARN_COMMA = YES;
				CLANG_WARN_CONSTANT_CONVERSION = YES;
				CLANG_WARN_DEPRECATED_OBJC_IMPLEMENTATIONS = YES;
				CLANG_WARN_DIRECT_OBJC_ISA_USAGE = YES_ERROR;
				CLANG_WARN_DOCUMENTATION_COMMENTS = YES;
				CLANG_WARN_EMPTY_BODY = YES;
				CLANG_WARN_ENUM_CONVERSION = YES;
				CLANG_WARN_INFINITE_RECURSION = YES;
				CLANG_WARN_INT_CONVERSION = YES;
				CLANG_WARN_NON_LITERAL_NULL_CONVERSION = YES;
				CLANG_WARN_OBJC_IMPLICIT_RETAIN_SELF = YES;
				CLANG_WARN_OBJC_LITERAL_CONVERSION = YES;
				CLANG_WARN_OBJC_ROOT_CLASS = YES_ERROR;
				CLANG_WARN_QUOTED_INCLUDE_IN_FRAMEWORK_HEADER = YES;
				CLANG_WARN_RANGE_LOOP_ANALYSIS = YES;
				CLANG_WARN_STRICT_PROTOTYPES = YES;
				CLANG_WARN_SUSPICIOUS_MOVE = YES;
				CLANG_WARN_UNGUARDED_AVAILABILITY = YES_AGGRESSIVE;
				CLANG_WARN_UNREACHABLE_CODE = YES;
				CLANG_WARN__DUPLICATE_METHOD_MATCH = YES;
				COPY_PHASE_STRIP = NO;
				DEBUG_INFORMATION_FORMAT = "dwarf-with-dsym";
				ENABLE_NS_ASSERTIONS = NO;
				ENABLE_STRICT_OBJC_MSGSEND = YES;
				GCC_C_LANGUAGE_STANDARD = gnu11;
				GCC_NO_COMMON_BLOCKS = YES;
				GCC_WARN_64_TO_32_BIT_CONVERSION = YES;
				GCC_WARN_ABOUT_RETURN_TYPE = YES_ERROR;
				GCC_WARN_UNDECLARED_SELECTOR = YES;
				GCC_WARN_UNINITIALIZED_AUTOS = YES_AGGRESSIVE;
				GCC_WARN_UNUSED_FUNCTION = YES;
				GCC_WARN_UNUSED_VARIABLE = YES;
				IPHONEOS_DEPLOYMENT_TARGET = 14.4;
				MTL_ENABLE_DEBUG_INFO = NO;
				MTL_FAST_MATH = YES;
				SDKROOT = iphoneos;
				SWIFT_COMPILATION_MODE = wholemodule;
				SWIFT_OPTIMIZATION_LEVEL = "-O";
				VALIDATE_PRODUCT = YES;
			};
			name = Release;
		};
		17038D8525C9370E00A2F114 /* Debug */ = {
			isa = XCBuildConfiguration;
			baseConfigurationReference = D299E2C9F423C6BCBFDC8A97 /* Pods-Glutenno.debug.xcconfig */;
			buildSettings = {
				ASSETCATALOG_COMPILER_APPICON_NAME = AppIcon;
				ASSETCATALOG_COMPILER_GLOBAL_ACCENT_COLOR_NAME = AccentColor;
				CODE_SIGN_STYLE = Automatic;
				INFOPLIST_FILE = Glutenno/Info.plist;
				LD_RUNPATH_SEARCH_PATHS = (
					"$(inherited)",
					"@executable_path/Frameworks",
				);
				PRODUCT_BUNDLE_IDENTIFIER = com.njurkovic.Glutenno;
				PRODUCT_NAME = "$(TARGET_NAME)";
				SWIFT_VERSION = 5.0;
				TARGETED_DEVICE_FAMILY = "1,2";
			};
			name = Debug;
		};
		17038D8625C9370E00A2F114 /* Release */ = {
			isa = XCBuildConfiguration;
			baseConfigurationReference = 432351A0344CC178A5849DAD /* Pods-Glutenno.release.xcconfig */;
			buildSettings = {
				ASSETCATALOG_COMPILER_APPICON_NAME = AppIcon;
				ASSETCATALOG_COMPILER_GLOBAL_ACCENT_COLOR_NAME = AccentColor;
				CODE_SIGN_STYLE = Automatic;
				INFOPLIST_FILE = Glutenno/Info.plist;
				LD_RUNPATH_SEARCH_PATHS = (
					"$(inherited)",
					"@executable_path/Frameworks",
				);
				PRODUCT_BUNDLE_IDENTIFIER = com.njurkovic.Glutenno;
				PRODUCT_NAME = "$(TARGET_NAME)";
				SWIFT_VERSION = 5.0;
				TARGETED_DEVICE_FAMILY = "1,2";
			};
			name = Release;
		};
		17038D8825C9370E00A2F114 /* Debug */ = {
			isa = XCBuildConfiguration;
			baseConfigurationReference = 2976E1CF63B3EC223F6A9F02 /* Pods-GlutennoTests.debug.xcconfig */;
			buildSettings = {
				ALWAYS_EMBED_SWIFT_STANDARD_LIBRARIES = YES;
				BUNDLE_LOADER = "$(TEST_HOST)";
				CODE_SIGN_STYLE = Automatic;
				INFOPLIST_FILE = GlutennoTests/Info.plist;
				IPHONEOS_DEPLOYMENT_TARGET = 14.4;
				LD_RUNPATH_SEARCH_PATHS = (
					"$(inherited)",
					"@executable_path/Frameworks",
					"@loader_path/Frameworks",
				);
				PRODUCT_BUNDLE_IDENTIFIER = com.njurkovic.GlutennoTests;
				PRODUCT_NAME = "$(TARGET_NAME)";
				SWIFT_VERSION = 5.0;
				TARGETED_DEVICE_FAMILY = "1,2";
				TEST_HOST = "$(BUILT_PRODUCTS_DIR)/Glutenno.app/Glutenno";
			};
			name = Debug;
		};
		17038D8925C9370E00A2F114 /* Release */ = {
			isa = XCBuildConfiguration;
			baseConfigurationReference = 56268F92DA654CEDB701611D /* Pods-GlutennoTests.release.xcconfig */;
			buildSettings = {
				ALWAYS_EMBED_SWIFT_STANDARD_LIBRARIES = YES;
				BUNDLE_LOADER = "$(TEST_HOST)";
				CODE_SIGN_STYLE = Automatic;
				INFOPLIST_FILE = GlutennoTests/Info.plist;
				IPHONEOS_DEPLOYMENT_TARGET = 14.4;
				LD_RUNPATH_SEARCH_PATHS = (
					"$(inherited)",
					"@executable_path/Frameworks",
					"@loader_path/Frameworks",
				);
				PRODUCT_BUNDLE_IDENTIFIER = com.njurkovic.GlutennoTests;
				PRODUCT_NAME = "$(TARGET_NAME)";
				SWIFT_VERSION = 5.0;
				TARGETED_DEVICE_FAMILY = "1,2";
				TEST_HOST = "$(BUILT_PRODUCTS_DIR)/Glutenno.app/Glutenno";
			};
			name = Release;
		};
		17038D8B25C9370E00A2F114 /* Debug */ = {
			isa = XCBuildConfiguration;
			baseConfigurationReference = 3D3CAE03BCEBF0A3C2406B7F /* Pods-Glutenno-GlutennoUITests.debug.xcconfig */;
			buildSettings = {
				ALWAYS_EMBED_SWIFT_STANDARD_LIBRARIES = YES;
				CODE_SIGN_STYLE = Automatic;
				INFOPLIST_FILE = GlutennoUITests/Info.plist;
				LD_RUNPATH_SEARCH_PATHS = (
					"$(inherited)",
					"@executable_path/Frameworks",
					"@loader_path/Frameworks",
				);
				PRODUCT_BUNDLE_IDENTIFIER = com.njurkovic.GlutennoUITests;
				PRODUCT_NAME = "$(TARGET_NAME)";
				SWIFT_VERSION = 5.0;
				TARGETED_DEVICE_FAMILY = "1,2";
				TEST_TARGET_NAME = Glutenno;
			};
			name = Debug;
		};
		17038D8C25C9370E00A2F114 /* Release */ = {
			isa = XCBuildConfiguration;
			baseConfigurationReference = D396E417A0B72A911EB5D67A /* Pods-Glutenno-GlutennoUITests.release.xcconfig */;
			buildSettings = {
				ALWAYS_EMBED_SWIFT_STANDARD_LIBRARIES = YES;
				CODE_SIGN_STYLE = Automatic;
				INFOPLIST_FILE = GlutennoUITests/Info.plist;
				LD_RUNPATH_SEARCH_PATHS = (
					"$(inherited)",
					"@executable_path/Frameworks",
					"@loader_path/Frameworks",
				);
				PRODUCT_BUNDLE_IDENTIFIER = com.njurkovic.GlutennoUITests;
				PRODUCT_NAME = "$(TARGET_NAME)";
				SWIFT_VERSION = 5.0;
				TARGETED_DEVICE_FAMILY = "1,2";
				TEST_TARGET_NAME = Glutenno;
			};
			name = Release;
		};
/* End XCBuildConfiguration section */

/* Begin XCConfigurationList section */
		17038D5225C9370C00A2F114 /* Build configuration list for PBXProject "Glutenno" */ = {
			isa = XCConfigurationList;
			buildConfigurations = (
				17038D8225C9370E00A2F114 /* Debug */,
				17038D8325C9370E00A2F114 /* Release */,
			);
			defaultConfigurationIsVisible = 0;
			defaultConfigurationName = Release;
		};
		17038D8425C9370E00A2F114 /* Build configuration list for PBXNativeTarget "Glutenno" */ = {
			isa = XCConfigurationList;
			buildConfigurations = (
				17038D8525C9370E00A2F114 /* Debug */,
				17038D8625C9370E00A2F114 /* Release */,
			);
			defaultConfigurationIsVisible = 0;
			defaultConfigurationName = Release;
		};
		17038D8725C9370E00A2F114 /* Build configuration list for PBXNativeTarget "GlutennoTests" */ = {
			isa = XCConfigurationList;
			buildConfigurations = (
				17038D8825C9370E00A2F114 /* Debug */,
				17038D8925C9370E00A2F114 /* Release */,
			);
			defaultConfigurationIsVisible = 0;
			defaultConfigurationName = Release;
		};
		17038D8A25C9370E00A2F114 /* Build configuration list for PBXNativeTarget "GlutennoUITests" */ = {
			isa = XCConfigurationList;
			buildConfigurations = (
				17038D8B25C9370E00A2F114 /* Debug */,
				17038D8C25C9370E00A2F114 /* Release */,
			);
			defaultConfigurationIsVisible = 0;
			defaultConfigurationName = Release;
		};
/* End XCConfigurationList section */

/* Begin XCVersionGroup section */
		17038D6325C9370C00A2F114 /* Glutenno.xcdatamodeld */ = {
			isa = XCVersionGroup;
			children = (
				17038D6425C9370C00A2F114 /* Glutenno.xcdatamodel */,
			);
			currentVersion = 17038D6425C9370C00A2F114 /* Glutenno.xcdatamodel */;
			path = Glutenno.xcdatamodeld;
			sourceTree = "<group>";
			versionGroupType = wrapper.xcdatamodel;
		};
/* End XCVersionGroup section */
	};
	rootObject = 17038D4F25C9370C00A2F114 /* Project object */;
}
